
Microsoft Visual Studio Solution File, Format Version 12.00
# Visual Studio Version 16
VisualStudioVersion = 16.0.29424.173
MinimumVisualStudioVersion = 10.0.40219.1
Project("{9A19103F-16F7-4668-BE54-9A1E7A4F7556}") = "RestaurantApplication", "RestaurantApplication\RestaurantApplication.csproj", "{83588DC7-CAE8-4E5F-A9AB-FFAA593D28CB}"
EndProject
Project("{9A19103F-16F7-4668-BE54-9A1E7A4F7556}") = "RestaurantAPI", "RestaurentAPI\RestaurantAPI.csproj", "{2986FA3A-F033-4891-B006-FD2E1F65209A}"
EndProject
Global
	GlobalSection(SolutionConfigurationPlatforms) = preSolution
		Debug|Any CPU = Debug|Any CPU
		Release|Any CPU = Release|Any CPU
	EndGlobalSection
	GlobalSection(ProjectConfigurationPlatforms) = postSolution
		{83588DC7-CAE8-4E5F-A9AB-FFAA593D28CB}.Debug|Any CPU.ActiveCfg = Debug|Any CPU
		{83588DC7-CAE8-4E5F-A9AB-FFAA593D28CB}.Debug|Any CPU.Build.0 = Debug|Any CPU
		{83588DC7-CAE8-4E5F-A9AB-FFAA593D28CB}.Release|Any CPU.ActiveCfg = Release|Any CPU
		{83588DC7-CAE8-4E5F-A9AB-FFAA593D28CB}.Release|Any CPU.Build.0 = Release|Any CPU
		{2986FA3A-F033-4891-B006-FD2E1F65209A}.Debug|Any CPU.ActiveCfg = Debug|Any CPU
		{2986FA3A-F033-4891-B006-FD2E1F65209A}.Debug|Any CPU.Build.0 = Debug|Any CPU
		{2986FA3A-F033-4891-B006-FD2E1F65209A}.Release|Any CPU.ActiveCfg = Release|Any CPU
		{2986FA3A-F033-4891-B006-FD2E1F65209A}.Release|Any CPU.Build.0 = Release|Any CPU
	EndGlobalSection
	GlobalSection(SolutionProperties) = preSolution
		HideSolutionNode = FALSE
	EndGlobalSection
	GlobalSection(ExtensibilityGlobals) = postSolution
		SolutionGuid = {D68ED954-6985-4C3E-8E9C-E7458A96443A}
	EndGlobalSection
EndGlobal
